
Microsoft Visual Studio Solution File, Format Version 12.00
Project("{FAE04EC0-301F-11D3-BF4B-00C04F79EFBC}") = "ProceduralToOOP", "ProceduralToOOP\ProceduralToOOP.csproj", "{94A4F3D0-6983-4027-A7EE-F558CDAA7EE2}"
EndProject
Global
	GlobalSection(SolutionConfigurationPlatforms) = preSolution
		Debug|Any CPU = Debug|Any CPU
		Release|Any CPU = Release|Any CPU
	EndGlobalSection
	GlobalSection(ProjectConfigurationPlatforms) = postSolution
		{94A4F3D0-6983-4027-A7EE-F558CDAA7EE2}.Debug|Any CPU.ActiveCfg = Debug|Any CPU
		{94A4F3D0-6983-4027-A7EE-F558CDAA7EE2}.Debug|Any CPU.Build.0 = Debug|Any CPU
		{94A4F3D0-6983-4027-A7EE-F558CDAA7EE2}.Release|Any CPU.ActiveCfg = Release|Any CPU
		{94A4F3D0-6983-4027-A7EE-F558CDAA7EE2}.Release|Any CPU.Build.0 = Release|Any CPU
	EndGlobalSection
EndGlobal
